// !$*UTF8*$!
{
	archiveVersion = 1;
	classes = {
	};
	objectVersion = 77;
	objects = {

/* Begin PBXBuildFile section */
		08B59F46E0E4AA7D5D24209B /* EditorMutationGateway.swift in Sources */ = {isa = PBXBuildFile; fileRef = BFCBCB1FDB9CB0DA283CE470 /* EditorMutationGateway.swift */; };
		0963CCF005E33A6963331CFC /* WriterFoundation in Frameworks */ = {isa = PBXBuildFile; productRef = 385F8564DCDF750F6F63FD56 /* WriterFoundation */; };
		096898C5F82757259B2D98E4 /* EditorInspector.swift in Sources */ = {isa = PBXBuildFile; fileRef = 463544BEAC63A0E407DB6A2E /* EditorInspector.swift */; };
		0CD21E11539F3150991F0937 /* AppDelegate.swift in Sources */ = {isa = PBXBuildFile; fileRef = 5FD5B3836510ACD0548383D3 /* AppDelegate.swift */; };
		1F58892FD7E6975D0FAFB0F9 /* EditorMutationGateway.swift in Sources */ = {isa = PBXBuildFile; fileRef = BFCBCB1FDB9CB0DA283CE470 /* EditorMutationGateway.swift */; };
		21A9A8CFA4AED1FD95456E87 /* DocumentAssets.swift in Sources */ = {isa = PBXBuildFile; fileRef = AFDB39B7F585FD595087FEBF /* DocumentAssets.swift */; };
		21DB6CB91250CA8F66E97444 /* WriterLibrary.swift in Sources */ = {isa = PBXBuildFile; fileRef = 9B84B35BA0C7C720FC35ECEF /* WriterLibrary.swift */; };
		24C622F0E32FF305549DC72C /* RecordingConsent.swift in Sources */ = {isa = PBXBuildFile; fileRef = 02D4E504F9F4CA2716B08033 /* RecordingConsent.swift */; };
		28FE9244509439AC7A250154 /* MarkdownTextView.swift in Sources */ = {isa = PBXBuildFile; fileRef = 73AACB33F39DD03504AE0A73 /* MarkdownTextView.swift */; };
		295D59792A7D8056FA7C147C /* Stage03EditorTests.swift in Sources */ = {isa = PBXBuildFile; fileRef = B737C6A0D8EF7415D8BE472D /* Stage03EditorTests.swift */; };
		42D2B739FCD9CEB19A41C310 /* EditorSupport.swift in Sources */ = {isa = PBXBuildFile; fileRef = 32BA3506BCC906FA461EBFAA /* EditorSupport.swift */; };
		48B68A623603BF841A6FDCD4 /* SettingsWindowController.swift in Sources */ = {isa = PBXBuildFile; fileRef = 5379FACEF7BAADF1E3D6300F /* SettingsWindowController.swift */; };
		4F48C1ED76C0573759A5D44E /* DictationController.swift in Sources */ = {isa = PBXBuildFile; fileRef = 2A6934775E855980B071B137 /* DictationController.swift */; };
		4F863B10AC4276CD1FB9FC08 /* WriterExport in Frameworks */ = {isa = PBXBuildFile; productRef = 79B6250D62E7ED7F76C112C3 /* WriterExport */; };
		557CFF0A5762ED012776DF79 /* WriterDocument.swift in Sources */ = {isa = PBXBuildFile; fileRef = 10C7678FA7AC1A7B9FC57A7E /* WriterDocument.swift */; };
		587DACDB41AFA529A3F6259B /* EditorSupport.swift in Sources */ = {isa = PBXBuildFile; fileRef = 32BA3506BCC906FA461EBFAA /* EditorSupport.swift */; };
		5B1D89DDC3047E881A532B0B /* WritePreferences.swift in Sources */ = {isa = PBXBuildFile; fileRef = 69ADEFC60F68A3E365218735 /* WritePreferences.swift */; };
		5D365FE6F7125A0C4982FEB5 /* MarkdownTextView.swift in Sources */ = {isa = PBXBuildFile; fileRef = 73AACB33F39DD03504AE0A73 /* MarkdownTextView.swift */; };
		5F35A207B9036AB105F87885 /* EditorInspector.swift in Sources */ = {isa = PBXBuildFile; fileRef = 463544BEAC63A0E407DB6A2E /* EditorInspector.swift */; };
		63AD69002AB3518F4CD00E38 /* WriterNostr in Frameworks */ = {isa = PBXBuildFile; productRef = 6876DAAEBFADA70C5258E146 /* WriterNostr */; };
		6D0BEE13C66FFE498E247A62 /* AppMenus.swift in Sources */ = {isa = PBXBuildFile; fileRef = BED1B10FC18FF5EAF591BDBE /* AppMenus.swift */; };
		6D5B0EC5C583A1E87C16C9CE /* WriterDocument.swift in Sources */ = {isa = PBXBuildFile; fileRef = 10C7678FA7AC1A7B9FC57A7E /* WriterDocument.swift */; };
		6E8D975BA257C243A8BD62A5 /* WriterFoundation in Frameworks */ = {isa = PBXBuildFile; productRef = D64DD856FC1EFFB82DF78488 /* WriterFoundation */; };
		792E1154110FD9B897E7C56D /* DocumentSession.swift in Sources */ = {isa = PBXBuildFile; fileRef = E1587FCB6ACBF371E6B11DB4 /* DocumentSession.swift */; };
		84F0CCC5BA5A7482311F41CA /* KeyboardShortcuts in Frameworks */ = {isa = PBXBuildFile; productRef = C123B09B7D7037DA82CE6F6E /* KeyboardShortcuts */; };
		9A77A81B4ABCD3D537B1F785 /* DictationController.swift in Sources */ = {isa = PBXBuildFile; fileRef = 2A6934775E855980B071B137 /* DictationController.swift */; };
		9B45E92A553DD05C426E7402 /* WriterHWP in Frameworks */ = {isa = PBXBuildFile; productRef = 11CC740574DD92765B929C95 /* WriterHWP */; };
		A954EFA694FBC2CF22EBD7E8 /* ShellUITests.swift in Sources */ = {isa = PBXBuildFile; fileRef = A9566AAF27E4DB414343FA3A /* ShellUITests.swift */; };
		AA4A9543982A6E1E4470CCAF /* WriterWindowController.swift in Sources */ = {isa = PBXBuildFile; fileRef = 6B2CC97A9E15AA339FA2EB62 /* WriterWindowController.swift */; };
		ABDC5196F2481646D868A882 /* DocumentFileLifecycle.swift in Sources */ = {isa = PBXBuildFile; fileRef = BAB2AF643068ACB65075FCC0 /* DocumentFileLifecycle.swift */; };
		AC87B0F87D6F1D83EFDF133F /* SettingsWindowController.swift in Sources */ = {isa = PBXBuildFile; fileRef = 5379FACEF7BAADF1E3D6300F /* SettingsWindowController.swift */; };
		AD97ADD3110FD08ED0281941 /* TextImportController.swift in Sources */ = {isa = PBXBuildFile; fileRef = AE149691149DD218CC4C73E1 /* TextImportController.swift */; };
		AE298DD17ED9843447F6CB50 /* DocumentRecovery.swift in Sources */ = {isa = PBXBuildFile; fileRef = 809659C25B375DCD51E27DE6 /* DocumentRecovery.swift */; };
		AF2EFB864B0A39850D73B252 /* RecordingConsent.swift in Sources */ = {isa = PBXBuildFile; fileRef = 02D4E504F9F4CA2716B08033 /* RecordingConsent.swift */; };
		B6572C6F9763192CC30D5E99 /* DocumentRecovery.swift in Sources */ = {isa = PBXBuildFile; fileRef = 809659C25B375DCD51E27DE6 /* DocumentRecovery.swift */; };
		C0AAF0066D8D6F62F1B592A2 /* DocumentAssets.swift in Sources */ = {isa = PBXBuildFile; fileRef = AFDB39B7F585FD595087FEBF /* DocumentAssets.swift */; };
		C327130D6506E1DE59250B2B /* AppMenus.swift in Sources */ = {isa = PBXBuildFile; fileRef = BED1B10FC18FF5EAF591BDBE /* AppMenus.swift */; };
		C790E4D2E799BBF69B7EDC16 /* DocumentFileLifecycle.swift in Sources */ = {isa = PBXBuildFile; fileRef = BAB2AF643068ACB65075FCC0 /* DocumentFileLifecycle.swift */; };
		CA2F68C0EC64560DC786CECD /* WriterWindowController.swift in Sources */ = {isa = PBXBuildFile; fileRef = 6B2CC97A9E15AA339FA2EB62 /* WriterWindowController.swift */; };
		D2B153A65C403D7D59D486AA /* TextImportController.swift in Sources */ = {isa = PBXBuildFile; fileRef = AE149691149DD218CC4C73E1 /* TextImportController.swift */; };
		D3AB40BC33123942D0AE0C7F /* WriterStorage in Frameworks */ = {isa = PBXBuildFile; productRef = 26EAA9821413D4BD7CA656C0 /* WriterStorage */; };
		D54351EAC4C6865705865F04 /* DocumentSession.swift in Sources */ = {isa = PBXBuildFile; fileRef = E1587FCB6ACBF371E6B11DB4 /* DocumentSession.swift */; };
		D7A4A08B5AF040E3EE690A43 /* EditorOutline.swift in Sources */ = {isa = PBXBuildFile; fileRef = CB2D76AF6DBD796C8BB94ED1 /* EditorOutline.swift */; };
		DB9A24D20992FE49D930FAA8 /* WriterExport in Frameworks */ = {isa = PBXBuildFile; productRef = B33DB25BA41F52173A7E85C1 /* WriterExport */; };
		E9BFC20089FCB88156BED75F /* ShellTests.swift in Sources */ = {isa = PBXBuildFile; fileRef = 7EB960820E5E9A29AF3E18BF /* ShellTests.swift */; };
		EAFAAD306A669B95C8252D4B /* EditorOutline.swift in Sources */ = {isa = PBXBuildFile; fileRef = CB2D76AF6DBD796C8BB94ED1 /* EditorOutline.swift */; };
		ED30CC425B16F1622DE5B23C /* AppMain.swift in Sources */ = {isa = PBXBuildFile; fileRef = AE425E3021C5F9A91B948DC3 /* AppMain.swift */; };
		EEAAB17D6469855F5539353C /* WriterStorage in Frameworks */ = {isa = PBXBuildFile; productRef = F2E0F87C51B8109C6069F1D0 /* WriterStorage */; };
		EEFDD1A3FE5FF4E5D3E3A1BF /* AppDelegate.swift in Sources */ = {isa = PBXBuildFile; fileRef = 5FD5B3836510ACD0548383D3 /* AppDelegate.swift */; };
		F9496A0E9DF00B21AFE080AA /* WriterLibrary.swift in Sources */ = {isa = PBXBuildFile; fileRef = 9B84B35BA0C7C720FC35ECEF /* WriterLibrary.swift */; };
		FA57EAEE408AB6A21CB40A55 /* WritePreferences.swift in Sources */ = {isa = PBXBuildFile; fileRef = 69ADEFC60F68A3E365218735 /* WritePreferences.swift */; };
/* End PBXBuildFile section */

/* Begin PBXContainerItemProxy section */
		E5C53DB55FE5A29427A450E9 /* PBXContainerItemProxy */ = {
			isa = PBXContainerItemProxy;
			containerPortal = 45B8D88F59B499A6669C0BEA /* Project object */;
			proxyType = 1;
			remoteGlobalIDString = CB0A8D0B0D609C66424F040A;
			remoteInfo = NostrWriter;
		};
/* End PBXContainerItemProxy section */

/* Begin PBXFileReference section */
		02D4E504F9F4CA2716B08033 /* RecordingConsent.swift */ = {isa = PBXFileReference; lastKnownFileType = sourcecode.swift; path = RecordingConsent.swift; sourceTree = "<group>"; };
		10C7678FA7AC1A7B9FC57A7E /* WriterDocument.swift */ = {isa = PBXFileReference; lastKnownFileType = sourcecode.swift; path = WriterDocument.swift; sourceTree = "<group>"; };
		28B66A635879B412F1BFCD88 /* NostrWriterUITests.xctest */ = {isa = PBXFileReference; explicitFileType = wrapper.cfbundle; includeInIndex = 0; path = NostrWriterUITests.xctest; sourceTree = BUILT_PRODUCTS_DIR; };
		291F283FD1228A6A228F1EB1 /* WriterHWP */ = {isa = PBXFileReference; lastKnownFileType = folder; name = WriterHWP; path = Packages/WriterHWP; sourceTree = SOURCE_ROOT; };
		2A6934775E855980B071B137 /* DictationController.swift */ = {isa = PBXFileReference; lastKnownFileType = sourcecode.swift; path = DictationController.swift; sourceTree = "<group>"; };
		2EE80B0970A0A7C1C1E797D5 /* NostrWriter.app */ = {isa = PBXFileReference; explicitFileType = wrapper.application; includeInIndex = 0; path = NostrWriter.app; sourceTree = BUILT_PRODUCTS_DIR; };
		32BA3506BCC906FA461EBFAA /* EditorSupport.swift */ = {isa = PBXFileReference; lastKnownFileType = sourcecode.swift; path = EditorSupport.swift; sourceTree = "<group>"; };
		463544BEAC63A0E407DB6A2E /* EditorInspector.swift */ = {isa = PBXFileReference; lastKnownFileType = sourcecode.swift; path = EditorInspector.swift; sourceTree = "<group>"; };
		524779AA563ADE85DBAD3D6E /* WriterStorage */ = {isa = PBXFileReference; lastKnownFileType = folder; name = WriterStorage; path = Packages/WriterStorage; sourceTree = SOURCE_ROOT; };
		5379FACEF7BAADF1E3D6300F /* SettingsWindowController.swift */ = {isa = PBXFileReference; lastKnownFileType = sourcecode.swift; path = SettingsWindowController.swift; sourceTree = "<group>"; };
		59BA14EB850AECB207D055C1 /* WriterExport */ = {isa = PBXFileReference; lastKnownFileType = folder; name = WriterExport; path = Packages/WriterExport; sourceTree = SOURCE_ROOT; };
		5FD5B3836510ACD0548383D3 /* AppDelegate.swift */ = {isa = PBXFileReference; lastKnownFileType = sourcecode.swift; path = AppDelegate.swift; sourceTree = "<group>"; };
		68D5A1614065B6B38DCB64D8 /* WriterFoundation */ = {isa = PBXFileReference; lastKnownFileType = folder; name = WriterFoundation; path = Packages/WriterFoundation; sourceTree = SOURCE_ROOT; };
		69ADEFC60F68A3E365218735 /* WritePreferences.swift */ = {isa = PBXFileReference; lastKnownFileType = sourcecode.swift; path = WritePreferences.swift; sourceTree = "<group>"; };
		6B2CC97A9E15AA339FA2EB62 /* WriterWindowController.swift */ = {isa = PBXFileReference; lastKnownFileType = sourcecode.swift; path = WriterWindowController.swift; sourceTree = "<group>"; };
		6FEBE0490927C77088C1D4CF /* DeveloperSigning.entitlements */ = {isa = PBXFileReference; lastKnownFileType = text.plist.entitlements; path = DeveloperSigning.entitlements; sourceTree = "<group>"; };
		73AACB33F39DD03504AE0A73 /* MarkdownTextView.swift */ = {isa = PBXFileReference; lastKnownFileType = sourcecode.swift; path = MarkdownTextView.swift; sourceTree = "<group>"; };
		7EB960820E5E9A29AF3E18BF /* ShellTests.swift */ = {isa = PBXFileReference; lastKnownFileType = sourcecode.swift; path = ShellTests.swift; sourceTree = "<group>"; };
		809659C25B375DCD51E27DE6 /* DocumentRecovery.swift */ = {isa = PBXFileReference; lastKnownFileType = sourcecode.swift; path = DocumentRecovery.swift; sourceTree = "<group>"; };
		9B84B35BA0C7C720FC35ECEF /* WriterLibrary.swift */ = {isa = PBXFileReference; lastKnownFileType = sourcecode.swift; path = WriterLibrary.swift; sourceTree = "<group>"; };
		A9566AAF27E4DB414343FA3A /* ShellUITests.swift */ = {isa = PBXFileReference; lastKnownFileType = sourcecode.swift; path = ShellUITests.swift; sourceTree = "<group>"; };
		ACE0F9EB115AC946317EBDB3 /* Debug.xcconfig */ = {isa = PBXFileReference; lastKnownFileType = text.xcconfig; path = Debug.xcconfig; sourceTree = "<group>"; };
		AE149691149DD218CC4C73E1 /* TextImportController.swift */ = {isa = PBXFileReference; lastKnownFileType = sourcecode.swift; path = TextImportController.swift; sourceTree = "<group>"; };
		AE425E3021C5F9A91B948DC3 /* AppMain.swift */ = {isa = PBXFileReference; lastKnownFileType = sourcecode.swift; path = AppMain.swift; sourceTree = "<group>"; };
		AFDB39B7F585FD595087FEBF /* DocumentAssets.swift */ = {isa = PBXFileReference; lastKnownFileType = sourcecode.swift; path = DocumentAssets.swift; sourceTree = "<group>"; };
		B737C6A0D8EF7415D8BE472D /* Stage03EditorTests.swift */ = {isa = PBXFileReference; lastKnownFileType = sourcecode.swift; path = Stage03EditorTests.swift; sourceTree = "<group>"; };
		BAB2AF643068ACB65075FCC0 /* DocumentFileLifecycle.swift */ = {isa = PBXFileReference; lastKnownFileType = sourcecode.swift; path = DocumentFileLifecycle.swift; sourceTree = "<group>"; };
		BCA7CF2E3E572CDC69357C12 /* Release.xcconfig */ = {isa = PBXFileReference; lastKnownFileType = text.xcconfig; path = Release.xcconfig; sourceTree = "<group>"; };
		BED1B10FC18FF5EAF591BDBE /* AppMenus.swift */ = {isa = PBXFileReference; lastKnownFileType = sourcecode.swift; path = AppMenus.swift; sourceTree = "<group>"; };
		BFCBCB1FDB9CB0DA283CE470 /* EditorMutationGateway.swift */ = {isa = PBXFileReference; lastKnownFileType = sourcecode.swift; path = EditorMutationGateway.swift; sourceTree = "<group>"; };
		CB2D76AF6DBD796C8BB94ED1 /* EditorOutline.swift */ = {isa = PBXFileReference; lastKnownFileType = sourcecode.swift; path = EditorOutline.swift; sourceTree = "<group>"; };
		E1587FCB6ACBF371E6B11DB4 /* DocumentSession.swift */ = {isa = PBXFileReference; lastKnownFileType = sourcecode.swift; path = DocumentSession.swift; sourceTree = "<group>"; };
		ECD885391FB3F412C926EC24 /* NostrWriterTests.xctest */ = {isa = PBXFileReference; explicitFileType = wrapper.cfbundle; includeInIndex = 0; path = NostrWriterTests.xctest; sourceTree = BUILT_PRODUCTS_DIR; };
		EED9A24C8DF0D4E3DACE8328 /* WriterNostr */ = {isa = PBXFileReference; lastKnownFileType = folder; name = WriterNostr; path = Packages/WriterNostr; sourceTree = SOURCE_ROOT; };
/* End PBXFileReference section */

/* Begin PBXFrameworksBuildPhase section */
		522B9BBCA9149ED92E100462 /* Frameworks */ = {
			isa = PBXFrameworksBuildPhase;
			buildActionMask = 2147483647;
			files = (
				6E8D975BA257C243A8BD62A5 /* WriterFoundation in Frameworks */,
				D3AB40BC33123942D0AE0C7F /* WriterStorage in Frameworks */,
				9B45E92A553DD05C426E7402 /* WriterHWP in Frameworks */,
				4F863B10AC4276CD1FB9FC08 /* WriterExport in Frameworks */,
				63AD69002AB3518F4CD00E38 /* WriterNostr in Frameworks */,
				84F0CCC5BA5A7482311F41CA /* KeyboardShortcuts in Frameworks */,
			);
			runOnlyForDeploymentPostprocessing = 0;
		};
		DC951BE345E8B6FCB16C9D0B /* Frameworks */ = {
			isa = PBXFrameworksBuildPhase;
			buildActionMask = 2147483647;
			files = (
				0963CCF005E33A6963331CFC /* WriterFoundation in Frameworks */,
				EEAAB17D6469855F5539353C /* WriterStorage in Frameworks */,
				DB9A24D20992FE49D930FAA8 /* WriterExport in Frameworks */,
			);
			runOnlyForDeploymentPostprocessing = 0;
		};
/* End PBXFrameworksBuildPhase section */

/* Begin PBXGroup section */
		00693F989EE7B9C7A1E66CC8 /* NostrWriterUITests */ = {
			isa = PBXGroup;
			children = (
				A9566AAF27E4DB414343FA3A /* ShellUITests.swift */,
			);
			path = NostrWriterUITests;
			sourceTree = "<group>";
		};
		212226F7C329974C523B1FFA /* NostrWriterTests */ = {
			isa = PBXGroup;
			children = (
				7EB960820E5E9A29AF3E18BF /* ShellTests.swift */,
				B737C6A0D8EF7415D8BE472D /* Stage03EditorTests.swift */,
			);
			path = NostrWriterTests;
			sourceTree = "<group>";
		};
		5B2134F380C877689463C295 /* Documents */ = {
			isa = PBXGroup;
			children = (
				AFDB39B7F585FD595087FEBF /* DocumentAssets.swift */,
				BAB2AF643068ACB65075FCC0 /* DocumentFileLifecycle.swift */,
				809659C25B375DCD51E27DE6 /* DocumentRecovery.swift */,
				E1587FCB6ACBF371E6B11DB4 /* DocumentSession.swift */,
				AE149691149DD218CC4C73E1 /* TextImportController.swift */,
				10C7678FA7AC1A7B9FC57A7E /* WriterDocument.swift */,
				9B84B35BA0C7C720FC35ECEF /* WriterLibrary.swift */,
				6B2CC97A9E15AA339FA2EB62 /* WriterWindowController.swift */,
			);
			path = Documents;
			sourceTree = "<group>";
		};
		70F9154D4307FAE8F91DA3A7 /* NostrWriter */ = {
			isa = PBXGroup;
			children = (
				6FEBE0490927C77088C1D4CF /* DeveloperSigning.entitlements */,
				FE3DC809131367EDC6E16113 /* Application */,
				5B2134F380C877689463C295 /* Documents */,
				A7F53BC89347D07343407EAB /* Editor */,
			);
			path = NostrWriter;
			sourceTree = "<group>";
		};
		841B411916014EFEEDDFECB4 = {
			isa = PBXGroup;
			children = (
				D97CAAF6A6D4083246FE252C /* Config */,
				70F9154D4307FAE8F91DA3A7 /* NostrWriter */,
				212226F7C329974C523B1FFA /* NostrWriterTests */,
				00693F989EE7B9C7A1E66CC8 /* NostrWriterUITests */,
				A43407B4A343C6DB6F5287AD /* Packages */,
				D84781DC4B4668E3382A859A /* Products */,
			);
			sourceTree = "<group>";
		};
		A43407B4A343C6DB6F5287AD /* Packages */ = {
			isa = PBXGroup;
			children = (
				59BA14EB850AECB207D055C1 /* WriterExport */,
				68D5A1614065B6B38DCB64D8 /* WriterFoundation */,
				291F283FD1228A6A228F1EB1 /* WriterHWP */,
				EED9A24C8DF0D4E3DACE8328 /* WriterNostr */,
				524779AA563ADE85DBAD3D6E /* WriterStorage */,
			);
			path = Packages;
			sourceTree = "<group>";
		};
		A7F53BC89347D07343407EAB /* Editor */ = {
			isa = PBXGroup;
			children = (
				2A6934775E855980B071B137 /* DictationController.swift */,
				463544BEAC63A0E407DB6A2E /* EditorInspector.swift */,
				BFCBCB1FDB9CB0DA283CE470 /* EditorMutationGateway.swift */,
				CB2D76AF6DBD796C8BB94ED1 /* EditorOutline.swift */,
				32BA3506BCC906FA461EBFAA /* EditorSupport.swift */,
				73AACB33F39DD03504AE0A73 /* MarkdownTextView.swift */,
				69ADEFC60F68A3E365218735 /* WritePreferences.swift */,
			);
			path = Editor;
			sourceTree = "<group>";
		};
		D84781DC4B4668E3382A859A /* Products */ = {
			isa = PBXGroup;
			children = (
				2EE80B0970A0A7C1C1E797D5 /* NostrWriter.app */,
				ECD885391FB3F412C926EC24 /* NostrWriterTests.xctest */,
				28B66A635879B412F1BFCD88 /* NostrWriterUITests.xctest */,
			);
			name = Products;
			sourceTree = "<group>";
		};
		D97CAAF6A6D4083246FE252C /* Config */ = {
			isa = PBXGroup;
			children = (
				ACE0F9EB115AC946317EBDB3 /* Debug.xcconfig */,
				BCA7CF2E3E572CDC69357C12 /* Release.xcconfig */,
			);
			path = Config;
			sourceTree = "<group>";
		};
		FE3DC809131367EDC6E16113 /* Application */ = {
			isa = PBXGroup;
			children = (
				5FD5B3836510ACD0548383D3 /* AppDelegate.swift */,
				AE425E3021C5F9A91B948DC3 /* AppMain.swift */,
				BED1B10FC18FF5EAF591BDBE /* AppMenus.swift */,
				02D4E504F9F4CA2716B08033 /* RecordingConsent.swift */,
				5379FACEF7BAADF1E3D6300F /* SettingsWindowController.swift */,
			);
			path = Application;
			sourceTree = "<group>";
		};
/* End PBXGroup section */

/* Begin PBXNativeTarget section */
		4399748300EFFED3359C43E5 /* NostrWriterTests */ = {
			isa = PBXNativeTarget;
			buildConfigurationList = 9EFEF73CE4C739435556864C /* Build configuration list for PBXNativeTarget "NostrWriterTests" */;
			buildPhases = (
				0E7561B125431F00B2458EEE /* Sources */,
				DC951BE345E8B6FCB16C9D0B /* Frameworks */,
			);
			buildRules = (
			);
			dependencies = (
			);
			name = NostrWriterTests;
			packageProductDependencies = (
				385F8564DCDF750F6F63FD56 /* WriterFoundation */,
				F2E0F87C51B8109C6069F1D0 /* WriterStorage */,
				B33DB25BA41F52173A7E85C1 /* WriterExport */,
			);
			productName = NostrWriterTests;
			productReference = ECD885391FB3F412C926EC24 /* NostrWriterTests.xctest */;
			productType = "com.apple.product-type.bundle.unit-test";
		};
		8083E3AAAE3B51271DE458D3 /* NostrWriterUITests */ = {
			isa = PBXNativeTarget;
			buildConfigurationList = 664B055A88FF4A49E8AD2045 /* Build configuration list for PBXNativeTarget "NostrWriterUITests" */;
			buildPhases = (
				CF70D5EBB88F0E4DB6D40B1A /* Sources */,
			);
			buildRules = (
			);
			dependencies = (
				E711E11442FEFADF7B4FD59A /* PBXTargetDependency */,
			);
			name = NostrWriterUITests;
			packageProductDependencies = (
			);
			productName = NostrWriterUITests;
			productReference = 28B66A635879B412F1BFCD88 /* NostrWriterUITests.xctest */;
			productType = "com.apple.product-type.bundle.ui-testing";
		};
		CB0A8D0B0D609C66424F040A /* NostrWriter */ = {
			isa = PBXNativeTarget;
			buildConfigurationList = D95EE00707D42ACBD0E2781C /* Build configuration list for PBXNativeTarget "NostrWriter" */;
			buildPhases = (
				6F2A02120DBD97F62953C126 /* Sources */,
				522B9BBCA9149ED92E100462 /* Frameworks */,
			);
			buildRules = (
			);
			dependencies = (
			);
			name = NostrWriter;
			packageProductDependencies = (
				D64DD856FC1EFFB82DF78488 /* WriterFoundation */,
				26EAA9821413D4BD7CA656C0 /* WriterStorage */,
				11CC740574DD92765B929C95 /* WriterHWP */,
				79B6250D62E7ED7F76C112C3 /* WriterExport */,
				6876DAAEBFADA70C5258E146 /* WriterNostr */,
				C123B09B7D7037DA82CE6F6E /* KeyboardShortcuts */,
			);
			productName = NostrWriter;
			productReference = 2EE80B0970A0A7C1C1E797D5 /* NostrWriter.app */;
			productType = "com.apple.product-type.application";
		};
/* End PBXNativeTarget section */

/* Begin PBXProject section */
		45B8D88F59B499A6669C0BEA /* Project object */ = {
			isa = PBXProject;
			attributes = {
				BuildIndependentTargetsInParallel = YES;
				LastUpgradeCheck = 1430;
				TargetAttributes = {
					4399748300EFFED3359C43E5 = {
						ProvisioningStyle = Manual;
					};
					8083E3AAAE3B51271DE458D3 = {
						ProvisioningStyle = Manual;
						TestTargetID = CB0A8D0B0D609C66424F040A;
					};
					CB0A8D0B0D609C66424F040A = {
						ProvisioningStyle = Manual;
					};
				};
			};
			buildConfigurationList = 9728FFC865BB305FED73017C /* Build configuration list for PBXProject "NostrWriter" */;
			developmentRegion = en;
			hasScannedForEncodings = 0;
			knownRegions = (
				Base,
				en,
			);
			mainGroup = 841B411916014EFEEDDFECB4;
			minimizedProjectReferenceProxies = 1;
			packageReferences = (
				49D767AB0A0859E9898EF159 /* XCRemoteSwiftPackageReference "KeyboardShortcuts" */,
				D3549DE82785EA086DD9EF67 /* XCLocalSwiftPackageReference "Packages/WriterExport" */,
				C30166C28B3F6584FB0380A4 /* XCLocalSwiftPackageReference "Packages/WriterFoundation" */,
				76977DF4E97853B5ED4B667C /* XCLocalSwiftPackageReference "Packages/WriterHWP" */,
				7131FA121E7C3F17253818D3 /* XCLocalSwiftPackageReference "Packages/WriterNostr" */,
				744C53A685C396ECA5C7C77E /* XCLocalSwiftPackageReference "Packages/WriterStorage" */,
			);
			preferredProjectObjectVersion = 77;
			productRefGroup = D84781DC4B4668E3382A859A /* Products */;
			projectDirPath = "";
			projectRoot = "";
			targets = (
				CB0A8D0B0D609C66424F040A /* NostrWriter */,
				4399748300EFFED3359C43E5 /* NostrWriterTests */,
				8083E3AAAE3B51271DE458D3 /* NostrWriterUITests */,
			);
		};
/* End PBXProject section */

/* Begin PBXSourcesBuildPhase section */
		0E7561B125431F00B2458EEE /* Sources */ = {
			isa = PBXSourcesBuildPhase;
			buildActionMask = 2147483647;
			files = (
				EEFDD1A3FE5FF4E5D3E3A1BF /* AppDelegate.swift in Sources */,
				C327130D6506E1DE59250B2B /* AppMenus.swift in Sources */,
				9A77A81B4ABCD3D537B1F785 /* DictationController.swift in Sources */,
				C0AAF0066D8D6F62F1B592A2 /* DocumentAssets.swift in Sources */,
				C790E4D2E799BBF69B7EDC16 /* DocumentFileLifecycle.swift in Sources */,
				B6572C6F9763192CC30D5E99 /* DocumentRecovery.swift in Sources */,
				D54351EAC4C6865705865F04 /* DocumentSession.swift in Sources */,
				5F35A207B9036AB105F87885 /* EditorInspector.swift in Sources */,
				1F58892FD7E6975D0FAFB0F9 /* EditorMutationGateway.swift in Sources */,
				D7A4A08B5AF040E3EE690A43 /* EditorOutline.swift in Sources */,
				42D2B739FCD9CEB19A41C310 /* EditorSupport.swift in Sources */,
				28FE9244509439AC7A250154 /* MarkdownTextView.swift in Sources */,
				24C622F0E32FF305549DC72C /* RecordingConsent.swift in Sources */,
				AC87B0F87D6F1D83EFDF133F /* SettingsWindowController.swift in Sources */,
				E9BFC20089FCB88156BED75F /* ShellTests.swift in Sources */,
				295D59792A7D8056FA7C147C /* Stage03EditorTests.swift in Sources */,
				AD97ADD3110FD08ED0281941 /* TextImportController.swift in Sources */,
				5B1D89DDC3047E881A532B0B /* WritePreferences.swift in Sources */,
				557CFF0A5762ED012776DF79 /* WriterDocument.swift in Sources */,
				F9496A0E9DF00B21AFE080AA /* WriterLibrary.swift in Sources */,
				AA4A9543982A6E1E4470CCAF /* WriterWindowController.swift in Sources */,
			);
			runOnlyForDeploymentPostprocessing = 0;
		};
		6F2A02120DBD97F62953C126 /* Sources */ = {
			isa = PBXSourcesBuildPhase;
			buildActionMask = 2147483647;
			files = (
				0CD21E11539F3150991F0937 /* AppDelegate.swift in Sources */,
				ED30CC425B16F1622DE5B23C /* AppMain.swift in Sources */,
				6D0BEE13C66FFE498E247A62 /* AppMenus.swift in Sources */,
				4F48C1ED76C0573759A5D44E /* DictationController.swift in Sources */,
				21A9A8CFA4AED1FD95456E87 /* DocumentAssets.swift in Sources */,
				ABDC5196F2481646D868A882 /* DocumentFileLifecycle.swift in Sources */,
				AE298DD17ED9843447F6CB50 /* DocumentRecovery.swift in Sources */,
				792E1154110FD9B897E7C56D /* DocumentSession.swift in Sources */,
				096898C5F82757259B2D98E4 /* EditorInspector.swift in Sources */,
				08B59F46E0E4AA7D5D24209B /* EditorMutationGateway.swift in Sources */,
				EAFAAD306A669B95C8252D4B /* EditorOutline.swift in Sources */,
				587DACDB41AFA529A3F6259B /* EditorSupport.swift in Sources */,
				5D365FE6F7125A0C4982FEB5 /* MarkdownTextView.swift in Sources */,
				AF2EFB864B0A39850D73B252 /* RecordingConsent.swift in Sources */,
				48B68A623603BF841A6FDCD4 /* SettingsWindowController.swift in Sources */,
				D2B153A65C403D7D59D486AA /* TextImportController.swift in Sources */,
				FA57EAEE408AB6A21CB40A55 /* WritePreferences.swift in Sources */,
				6D5B0EC5C583A1E87C16C9CE /* WriterDocument.swift in Sources */,
				21DB6CB91250CA8F66E97444 /* WriterLibrary.swift in Sources */,
				CA2F68C0EC64560DC786CECD /* WriterWindowController.swift in Sources */,
			);
			runOnlyForDeploymentPostprocessing = 0;
		};
		CF70D5EBB88F0E4DB6D40B1A /* Sources */ = {
			isa = PBXSourcesBuildPhase;
			buildActionMask = 2147483647;
			files = (
				A954EFA694FBC2CF22EBD7E8 /* ShellUITests.swift in Sources */,
			);
			runOnlyForDeploymentPostprocessing = 0;
		};
/* End PBXSourcesBuildPhase section */

/* Begin PBXTargetDependency section */
		E711E11442FEFADF7B4FD59A /* PBXTargetDependency */ = {
			isa = PBXTargetDependency;
			target = CB0A8D0B0D609C66424F040A /* NostrWriter */;
			targetProxy = E5C53DB55FE5A29427A450E9 /* PBXContainerItemProxy */;
		};
/* End PBXTargetDependency section */

/* Begin XCBuildConfiguration section */
		4063BDB387EDFEA9F87B2656 /* Debug */ = {
			isa = XCBuildConfiguration;
			baseConfigurationReference = ACE0F9EB115AC946317EBDB3 /* Debug.xcconfig */;
			buildSettings = {
				ALWAYS_SEARCH_USER_PATHS = NO;
				CLANG_ANALYZER_NONNULL = YES;
				CLANG_ANALYZER_NUMBER_OBJECT_CONVERSION = YES_AGGRESSIVE;
				CLANG_CXX_LANGUAGE_STANDARD = "gnu++14";
				CLANG_CXX_LIBRARY = "libc++";
				CLANG_ENABLE_MODULES = YES;
				CLANG_ENABLE_OBJC_ARC = YES;
				CLANG_ENABLE_OBJC_WEAK = YES;
				CLANG_WARN_BLOCK_CAPTURE_AUTORELEASING = YES;
				CLANG_WARN_BOOL_CONVERSION = YES;
				CLANG_WARN_COMMA = YES;
				CLANG_WARN_CONSTANT_CONVERSION = YES;
				CLANG_WARN_DEPRECATED_OBJC_IMPLEMENTATIONS = YES;
				CLANG_WARN_DIRECT_OBJC_ISA_USAGE = YES_ERROR;
				CLANG_WARN_DOCUMENTATION_COMMENTS = YES;
				CLANG_WARN_EMPTY_BODY = YES;
				CLANG_WARN_ENUM_CONVERSION = YES;
				CLANG_WARN_INFINITE_RECURSION = YES;
				CLANG_WARN_INT_CONVERSION = YES;
				CLANG_WARN_NON_LITERAL_NULL_CONVERSION = YES;
				CLANG_WARN_OBJC_IMPLICIT_RETAIN_SELF = YES;
				CLANG_WARN_OBJC_LITERAL_CONVERSION = YES;
				CLANG_WARN_OBJC_ROOT_CLASS = YES_ERROR;
				CLANG_WARN_QUOTED_INCLUDE_IN_FRAMEWORK_HEADER = YES;
				CLANG_WARN_RANGE_LOOP_ANALYSIS = YES;
				CLANG_WARN_STRICT_PROTOTYPES = YES;
				CLANG_WARN_SUSPICIOUS_MOVE = YES;
				CLANG_WARN_UNGUARDED_AVAILABILITY = YES_AGGRESSIVE;
				CLANG_WARN_UNREACHABLE_CODE = YES;
				CLANG_WARN__DUPLICATE_METHOD_MATCH = YES;
				COPY_PHASE_STRIP = NO;
				DEBUG_INFORMATION_FORMAT = dwarf;
				ENABLE_STRICT_OBJC_MSGSEND = YES;
				GCC_C_LANGUAGE_STANDARD = gnu11;
				GCC_DYNAMIC_NO_PIC = NO;
				GCC_NO_COMMON_BLOCKS = YES;
				GCC_OPTIMIZATION_LEVEL = 0;
				GCC_PREPROCESSOR_DEFINITIONS = (
					"$(inherited)",
					"DEBUG=1",
				);
				GCC_WARN_64_TO_32_BIT_CONVERSION = YES;
				GCC_WARN_ABOUT_RETURN_TYPE = YES_ERROR;
				GCC_WARN_UNDECLARED_SELECTOR = YES;
				GCC_WARN_UNINITIALIZED_AUTOS = YES_AGGRESSIVE;
				GCC_WARN_UNUSED_FUNCTION = YES;
				GCC_WARN_UNUSED_VARIABLE = YES;
				MTL_ENABLE_DEBUG_INFO = INCLUDE_SOURCE;
				MTL_FAST_MATH = YES;
				PRODUCT_NAME = "$(TARGET_NAME)";
				SDKROOT = macosx;
			};
			name = Debug;
		};
		48F7AE6C8F271BEF30188FEA /* Debug */ = {
			isa = XCBuildConfiguration;
			buildSettings = {
				BUNDLE_LOADER = "$(TEST_HOST)";
				CODE_SIGN_ENTITLEMENTS = "";
				COMBINE_HIDPI_IMAGES = YES;
				ENABLE_HARDENED_RUNTIME = NO;
				GENERATE_INFOPLIST_FILE = YES;
				INFOPLIST_FILE = "";
				OTHER_CODE_SIGN_FLAGS = "";
				PRODUCT_BUNDLE_IDENTIFIER = com.mariusschober.nostrwriter.uitests;
				SDKROOT = macosx;
				TEST_TARGET_NAME = NostrWriter;
			};
			name = Debug;
		};
		5A845E02D090F45A0F16A57C /* Release */ = {
			isa = XCBuildConfiguration;
			buildSettings = {
				BUNDLE_LOADER = "$(TEST_HOST)";
				CODE_SIGN_ENTITLEMENTS = "";
				COMBINE_HIDPI_IMAGES = YES;
				GENERATE_INFOPLIST_FILE = YES;
				INFOPLIST_FILE = "";
				PRODUCT_BUNDLE_IDENTIFIER = com.mariusschober.nostrwriter.tests;
				SDKROOT = macosx;
			};
			name = Release;
		};
		83480F863DCDD9229E810710 /* Release */ = {
			isa = XCBuildConfiguration;
			buildSettings = {
				ASSETCATALOG_COMPILER_APPICON_NAME = AppIcon;
				COMBINE_HIDPI_IMAGES = YES;
				INFOPLIST_FILE = NostrWriter/Info.plist;
				PRODUCT_NAME = NostrWriter;
				SDKROOT = macosx;
			};
			name = Release;
		};
		AB9E5EA97A2A68C42A87178F /* Release */ = {
			isa = XCBuildConfiguration;
			buildSettings = {
				BUNDLE_LOADER = "$(TEST_HOST)";
				CODE_SIGN_ENTITLEMENTS = "";
				COMBINE_HIDPI_IMAGES = YES;
				ENABLE_HARDENED_RUNTIME = NO;
				GENERATE_INFOPLIST_FILE = YES;
				INFOPLIST_FILE = "";
				OTHER_CODE_SIGN_FLAGS = "";
				PRODUCT_BUNDLE_IDENTIFIER = com.mariusschober.nostrwriter.uitests;
				SDKROOT = macosx;
				TEST_TARGET_NAME = NostrWriter;
			};
			name = Release;
		};
		ADF85A64AADF8292BCC353DC /* Release */ = {
			isa = XCBuildConfiguration;
			baseConfigurationReference = BCA7CF2E3E572CDC69357C12 /* Release.xcconfig */;
			buildSettings = {
				ALWAYS_SEARCH_USER_PATHS = NO;
				CLANG_ANALYZER_NONNULL = YES;
				CLANG_ANALYZER_NUMBER_OBJECT_CONVERSION = YES_AGGRESSIVE;
				CLANG_CXX_LANGUAGE_STANDARD = "gnu++14";
				CLANG_CXX_LIBRARY = "libc++";
				CLANG_ENABLE_MODULES = YES;
				CLANG_ENABLE_OBJC_ARC = YES;
				CLANG_ENABLE_OBJC_WEAK = YES;
				CLANG_WARN_BLOCK_CAPTURE_AUTORELEASING = YES;
				CLANG_WARN_BOOL_CONVERSION = YES;
				CLANG_WARN_COMMA = YES;
				CLANG_WARN_CONSTANT_CONVERSION = YES;
				CLANG_WARN_DEPRECATED_OBJC_IMPLEMENTATIONS = YES;
				CLANG_WARN_DIRECT_OBJC_ISA_USAGE = YES_ERROR;
				CLANG_WARN_DOCUMENTATION_COMMENTS = YES;
				CLANG_WARN_EMPTY_BODY = YES;
				CLANG_WARN_ENUM_CONVERSION = YES;
				CLANG_WARN_INFINITE_RECURSION = YES;
				CLANG_WARN_INT_CONVERSION = YES;
				CLANG_WARN_NON_LITERAL_NULL_CONVERSION = YES;
				CLANG_WARN_OBJC_IMPLICIT_RETAIN_SELF = YES;
				CLANG_WARN_OBJC_LITERAL_CONVERSION = YES;
				CLANG_WARN_OBJC_ROOT_CLASS = YES_ERROR;
				CLANG_WARN_QUOTED_INCLUDE_IN_FRAMEWORK_HEADER = YES;
				CLANG_WARN_RANGE_LOOP_ANALYSIS = YES;
				CLANG_WARN_STRICT_PROTOTYPES = YES;
				CLANG_WARN_SUSPICIOUS_MOVE = YES;
				CLANG_WARN_UNGUARDED_AVAILABILITY = YES_AGGRESSIVE;
				CLANG_WARN_UNREACHABLE_CODE = YES;
				CLANG_WARN__DUPLICATE_METHOD_MATCH = YES;
				COPY_PHASE_STRIP = NO;
				DEBUG_INFORMATION_FORMAT = "dwarf-with-dsym";
				ENABLE_NS_ASSERTIONS = NO;
				ENABLE_STRICT_OBJC_MSGSEND = YES;
				GCC_C_LANGUAGE_STANDARD = gnu11;
				GCC_NO_COMMON_BLOCKS = YES;
				GCC_WARN_64_TO_32_BIT_CONVERSION = YES;
				GCC_WARN_ABOUT_RETURN_TYPE = YES_ERROR;
				GCC_WARN_UNDECLARED_SELECTOR = YES;
				GCC_WARN_UNINITIALIZED_AUTOS = YES_AGGRESSIVE;
				GCC_WARN_UNUSED_FUNCTION = YES;
				GCC_WARN_UNUSED_VARIABLE = YES;
				MTL_ENABLE_DEBUG_INFO = NO;
				MTL_FAST_MATH = YES;
				PRODUCT_NAME = "$(TARGET_NAME)";
				SDKROOT = macosx;
			};
			name = Release;
		};
		B97025D55908973526A5D144 /* Debug */ = {
			isa = XCBuildConfiguration;
			buildSettings = {
				ASSETCATALOG_COMPILER_APPICON_NAME = AppIcon;
				COMBINE_HIDPI_IMAGES = YES;
				INFOPLIST_FILE = NostrWriter/Info.plist;
				PRODUCT_NAME = NostrWriter;
				SDKROOT = macosx;
			};
			name = Debug;
		};
		D131F427770008534CF5D63A /* Debug */ = {
			isa = XCBuildConfiguration;
			buildSettings = {
				BUNDLE_LOADER = "$(TEST_HOST)";
				CODE_SIGN_ENTITLEMENTS = "";
				COMBINE_HIDPI_IMAGES = YES;
				GENERATE_INFOPLIST_FILE = YES;
				INFOPLIST_FILE = "";
				PRODUCT_BUNDLE_IDENTIFIER = com.mariusschober.nostrwriter.tests;
				SDKROOT = macosx;
			};
			name = Debug;
		};
/* End XCBuildConfiguration section */

/* Begin XCConfigurationList section */
		664B055A88FF4A49E8AD2045 /* Build configuration list for PBXNativeTarget "NostrWriterUITests" */ = {
			isa = XCConfigurationList;
			buildConfigurations = (
				48F7AE6C8F271BEF30188FEA /* Debug */,
				AB9E5EA97A2A68C42A87178F /* Release */,
			);
			defaultConfigurationIsVisible = 0;
			defaultConfigurationName = Debug;
		};
		9728FFC865BB305FED73017C /* Build configuration list for PBXProject "NostrWriter" */ = {
			isa = XCConfigurationList;
			buildConfigurations = (
				4063BDB387EDFEA9F87B2656 /* Debug */,
				ADF85A64AADF8292BCC353DC /* Release */,
			);
			defaultConfigurationIsVisible = 0;
			defaultConfigurationName = Debug;
		};
		9EFEF73CE4C739435556864C /* Build configuration list for PBXNativeTarget "NostrWriterTests" */ = {
			isa = XCConfigurationList;
			buildConfigurations = (
				D131F427770008534CF5D63A /* Debug */,
				5A845E02D090F45A0F16A57C /* Release */,
			);
			defaultConfigurationIsVisible = 0;
			defaultConfigurationName = Debug;
		};
		D95EE00707D42ACBD0E2781C /* Build configuration list for PBXNativeTarget "NostrWriter" */ = {
			isa = XCConfigurationList;
			buildConfigurations = (
				B97025D55908973526A5D144 /* Debug */,
				83480F863DCDD9229E810710 /* Release */,
			);
			defaultConfigurationIsVisible = 0;
			defaultConfigurationName = Debug;
		};
/* End XCConfigurationList section */

/* Begin XCLocalSwiftPackageReference section */
		7131FA121E7C3F17253818D3 /* XCLocalSwiftPackageReference "Packages/WriterNostr" */ = {
			isa = XCLocalSwiftPackageReference;
			relativePath = Packages/WriterNostr;
		};
		744C53A685C396ECA5C7C77E /* XCLocalSwiftPackageReference "Packages/WriterStorage" */ = {
			isa = XCLocalSwiftPackageReference;
			relativePath = Packages/WriterStorage;
		};
		76977DF4E97853B5ED4B667C /* XCLocalSwiftPackageReference "Packages/WriterHWP" */ = {
			isa = XCLocalSwiftPackageReference;
			relativePath = Packages/WriterHWP;
		};
		C30166C28B3F6584FB0380A4 /* XCLocalSwiftPackageReference "Packages/WriterFoundation" */ = {
			isa = XCLocalSwiftPackageReference;
			relativePath = Packages/WriterFoundation;
		};
		D3549DE82785EA086DD9EF67 /* XCLocalSwiftPackageReference "Packages/WriterExport" */ = {
			isa = XCLocalSwiftPackageReference;
			relativePath = Packages/WriterExport;
		};
/* End XCLocalSwiftPackageReference section */

/* Begin XCRemoteSwiftPackageReference section */
		49D767AB0A0859E9898EF159 /* XCRemoteSwiftPackageReference "KeyboardShortcuts" */ = {
			isa = XCRemoteSwiftPackageReference;
			repositoryURL = "https://github.com/sindresorhus/KeyboardShortcuts.git";
			requirement = {
				kind = revision;
				revision = 49c3fc04ea827f816df67843bfcc57286b47ff06;
			};
		};
/* End XCRemoteSwiftPackageReference section */

/* Begin XCSwiftPackageProductDependency section */
		11CC740574DD92765B929C95 /* WriterHWP */ = {
			isa = XCSwiftPackageProductDependency;
			productName = WriterHWP;
		};
		26EAA9821413D4BD7CA656C0 /* WriterStorage */ = {
			isa = XCSwiftPackageProductDependency;
			productName = WriterStorage;
		};
		385F8564DCDF750F6F63FD56 /* WriterFoundation */ = {
			isa = XCSwiftPackageProductDependency;
			productName = WriterFoundation;
		};
		6876DAAEBFADA70C5258E146 /* WriterNostr */ = {
			isa = XCSwiftPackageProductDependency;
			productName = WriterNostr;
		};
		79B6250D62E7ED7F76C112C3 /* WriterExport */ = {
			isa = XCSwiftPackageProductDependency;
			productName = WriterExport;
		};
		B33DB25BA41F52173A7E85C1 /* WriterExport */ = {
			isa = XCSwiftPackageProductDependency;
			productName = WriterExport;
		};
		C123B09B7D7037DA82CE6F6E /* KeyboardShortcuts */ = {
			isa = XCSwiftPackageProductDependency;
			package = 49D767AB0A0859E9898EF159 /* XCRemoteSwiftPackageReference "KeyboardShortcuts" */;
			productName = KeyboardShortcuts;
		};
		D64DD856FC1EFFB82DF78488 /* WriterFoundation */ = {
			isa = XCSwiftPackageProductDependency;
			productName = WriterFoundation;
		};
		F2E0F87C51B8109C6069F1D0 /* WriterStorage */ = {
			isa = XCSwiftPackageProductDependency;
			productName = WriterStorage;
		};
/* End XCSwiftPackageProductDependency section */
	};
	rootObject = 45B8D88F59B499A6669C0BEA /* Project object */;
}
